
Microsoft Visual Studio Solution File, Format Version 12.00
# Visual Studio Version 16
VisualStudioVersion = 16.0.31911.196
MinimumVisualStudioVersion = 10.0.40219.1
Project("{8BC9CEB8-8B4A-11D0-8D11-00A0C91BC942}") = "Electric Percolation Continuum", "Percolation\Percolation.vcxproj", "{CE784617-0D8C-4CFA-ADF4-3E04C055ABAD}"
EndProject
Project("{8BC9CEB8-8B4A-11D0-8D11-00A0C91BC942}") = "CreateInputs", "CreateInputs\CreateInputs.vcxproj", "{9232FF9C-4BB4-484F-B611-EFB9CCBFB2CC}"
EndProject
Global
	GlobalSection(SolutionConfigurationPlatforms) = preSolution
		Debug|x64 = Debug|x64
		Debug|x86 = Debug|x86
		Release|x64 = Release|x64
		Release|x86 = Release|x86
	EndGlobalSection
	GlobalSection(ProjectConfigurationPlatforms) = postSolution
		{CE784617-0D8C-4CFA-ADF4-3E04C055ABAD}.Debug|x64.ActiveCfg = Debug|x64
		{CE784617-0D8C-4CFA-ADF4-3E04C055ABAD}.Debug|x64.Build.0 = Debug|x64
		{CE784617-0D8C-4CFA-ADF4-3E04C055ABAD}.Debug|x86.ActiveCfg = Debug|Win32
		{CE784617-0D8C-4CFA-ADF4-3E04C055ABAD}.Debug|x86.Build.0 = Debug|Win32
		{CE784617-0D8C-4CFA-ADF4-3E04C055ABAD}.Release|x64.ActiveCfg = Release|x64
		{CE784617-0D8C-4CFA-ADF4-3E04C055ABAD}.Release|x64.Build.0 = Release|x64
		{CE784617-0D8C-4CFA-ADF4-3E04C055ABAD}.Release|x86.ActiveCfg = Release|Win32
		{CE784617-0D8C-4CFA-ADF4-3E04C055ABAD}.Release|x86.Build.0 = Release|Win32
		{9232FF9C-4BB4-484F-B611-EFB9CCBFB2CC}.Debug|x64.ActiveCfg = Debug|x64
		{9232FF9C-4BB4-484F-B611-EFB9CCBFB2CC}.Debug|x64.Build.0 = Debug|x64
		{9232FF9C-4BB4-484F-B611-EFB9CCBFB2CC}.Debug|x86.ActiveCfg = Debug|Win32
		{9232FF9C-4BB4-484F-B611-EFB9CCBFB2CC}.Debug|x86.Build.0 = Debug|Win32
		{9232FF9C-4BB4-484F-B611-EFB9CCBFB2CC}.Release|x64.ActiveCfg = Release|x64
		{9232FF9C-4BB4-484F-B611-EFB9CCBFB2CC}.Release|x64.Build.0 = Release|x64
		{9232FF9C-4BB4-484F-B611-EFB9CCBFB2CC}.Release|x86.ActiveCfg = Release|Win32
		{9232FF9C-4BB4-484F-B611-EFB9CCBFB2CC}.Release|x86.Build.0 = Release|Win32
	EndGlobalSection
	GlobalSection(SolutionProperties) = preSolution
		HideSolutionNode = FALSE
	EndGlobalSection
	GlobalSection(ExtensibilityGlobals) = postSolution
		SolutionGuid = {A54B3211-D6F9-4B76-A228-9DC26A6CE5FF}
	EndGlobalSection
EndGlobal
